
Microsoft Visual Studio Solution File, Format Version 12.00
# Visual Studio Version 17
VisualStudioVersion = 17.10.35013.160
MinimumVisualStudioVersion = 10.0.40219.1
Project("{FAE04EC0-301F-11D3-BF4B-00C04F79EFBC}") = "CodeFirst", "CodeFirst\CodeFirst.csproj", "{0992CCBE-3800-44DE-976F-2621F33824CB}"
EndProject
Global
	GlobalSection(SolutionConfigurationPlatforms) = preSolution
		Debug|Any CPU = Debug|Any CPU
		Release|Any CPU = Release|Any CPU
	EndGlobalSection
	GlobalSection(ProjectConfigurationPlatforms) = postSolution
		{0992CCBE-3800-44DE-976F-2621F33824CB}.Debug|Any CPU.ActiveCfg = Debug|Any CPU
		{0992CCBE-3800-44DE-976F-2621F33824CB}.Debug|Any CPU.Build.0 = Debug|Any CPU
		{0992CCBE-3800-44DE-976F-2621F33824CB}.Release|Any CPU.ActiveCfg = Release|Any CPU
		{0992CCBE-3800-44DE-976F-2621F33824CB}.Release|Any CPU.Build.0 = Release|Any CPU
	EndGlobalSection
	GlobalSection(SolutionProperties) = preSolution
		HideSolutionNode = FALSE
	EndGlobalSection
	GlobalSection(ExtensibilityGlobals) = postSolution
		SolutionGuid = {557D1EE5-AA3D-4B6C-A58F-50FBA7E917A6}
	EndGlobalSection
EndGlobal
