
Microsoft Visual Studio Solution File, Format Version 12.00
# Visual Studio Version 17
VisualStudioVersion = 17.10.35013.160
MinimumVisualStudioVersion = 10.0.40219.1
Project("{9A19103F-16F7-4668-BE54-9A1E7A4F7556}") = "ArraySortingExample", "ArraySortingExample\ArraySortingExample.csproj", "{435C5AE9-11A1-464B-BEE6-530B7B169A8D}"
EndProject
Project("{9A19103F-16F7-4668-BE54-9A1E7A4F7556}") = "IndicesAndRange", "IndicesAndRange\IndicesAndRange.csproj", "{2C5E844F-2924-488E-BFD3-BB9632D0771F}"
EndProject
Project("{9A19103F-16F7-4668-BE54-9A1E7A4F7556}") = "ParamsExample", "ParamsExample\ParamsExample.csproj", "{02122442-FD85-4D3F-8457-608CE6437C1A}"
EndProject
Project("{9A19103F-16F7-4668-BE54-9A1E7A4F7556}") = "TuplesAndValueTuples", "TuplesAndValueTuples\TuplesAndValueTuples.csproj", "{1E4F6794-95CE-47F4-8007-D96CD3E0713C}"
EndProject
Project("{9A19103F-16F7-4668-BE54-9A1E7A4F7556}") = "OperatorOverloading", "OperatorOverloading\OperatorOverloading.csproj", "{F425258C-581F-4F22-AE43-FB84920FF40F}"
EndProject
Project("{9A19103F-16F7-4668-BE54-9A1E7A4F7556}") = "Indexers", "Indexers\Indexers.csproj", "{74141E63-41BE-4D75-B510-3A8AD5C4AAC2}"
EndProject
Project("{9A19103F-16F7-4668-BE54-9A1E7A4F7556}") = "FuncActionPredicate", "FuncActionPredicate\FuncActionPredicate.csproj", "{18B40498-E6A4-44A6-9A4F-021DC7875532}"
EndProject
Project("{FAE04EC0-301F-11D3-BF4B-00C04F79EFBC}") = "ExceptionHandling", "ExceptionHandling\ExceptionHandling.csproj", "{6328CBFA-C37A-4195-8459-8487ED29566B}"
EndProject
Global
	GlobalSection(SolutionConfigurationPlatforms) = preSolution
		Debug|Any CPU = Debug|Any CPU
		Release|Any CPU = Release|Any CPU
	EndGlobalSection
	GlobalSection(ProjectConfigurationPlatforms) = postSolution
		{435C5AE9-11A1-464B-BEE6-530B7B169A8D}.Debug|Any CPU.ActiveCfg = Debug|Any CPU
		{435C5AE9-11A1-464B-BEE6-530B7B169A8D}.Debug|Any CPU.Build.0 = Debug|Any CPU
		{435C5AE9-11A1-464B-BEE6-530B7B169A8D}.Release|Any CPU.ActiveCfg = Release|Any CPU
		{435C5AE9-11A1-464B-BEE6-530B7B169A8D}.Release|Any CPU.Build.0 = Release|Any CPU
		{2C5E844F-2924-488E-BFD3-BB9632D0771F}.Debug|Any CPU.ActiveCfg = Debug|Any CPU
		{2C5E844F-2924-488E-BFD3-BB9632D0771F}.Debug|Any CPU.Build.0 = Debug|Any CPU
		{2C5E844F-2924-488E-BFD3-BB9632D0771F}.Release|Any CPU.ActiveCfg = Release|Any CPU
		{2C5E844F-2924-488E-BFD3-BB9632D0771F}.Release|Any CPU.Build.0 = Release|Any CPU
		{02122442-FD85-4D3F-8457-608CE6437C1A}.Debug|Any CPU.ActiveCfg = Debug|Any CPU
		{02122442-FD85-4D3F-8457-608CE6437C1A}.Debug|Any CPU.Build.0 = Debug|Any CPU
		{02122442-FD85-4D3F-8457-608CE6437C1A}.Release|Any CPU.ActiveCfg = Release|Any CPU
		{02122442-FD85-4D3F-8457-608CE6437C1A}.Release|Any CPU.Build.0 = Release|Any CPU
		{1E4F6794-95CE-47F4-8007-D96CD3E0713C}.Debug|Any CPU.ActiveCfg = Debug|Any CPU
		{1E4F6794-95CE-47F4-8007-D96CD3E0713C}.Debug|Any CPU.Build.0 = Debug|Any CPU
		{1E4F6794-95CE-47F4-8007-D96CD3E0713C}.Release|Any CPU.ActiveCfg = Release|Any CPU
		{1E4F6794-95CE-47F4-8007-D96CD3E0713C}.Release|Any CPU.Build.0 = Release|Any CPU
		{F425258C-581F-4F22-AE43-FB84920FF40F}.Debug|Any CPU.ActiveCfg = Debug|Any CPU
		{F425258C-581F-4F22-AE43-FB84920FF40F}.Debug|Any CPU.Build.0 = Debug|Any CPU
		{F425258C-581F-4F22-AE43-FB84920FF40F}.Release|Any CPU.ActiveCfg = Release|Any CPU
		{F425258C-581F-4F22-AE43-FB84920FF40F}.Release|Any CPU.Build.0 = Release|Any CPU
		{74141E63-41BE-4D75-B510-3A8AD5C4AAC2}.Debug|Any CPU.ActiveCfg = Debug|Any CPU
		{74141E63-41BE-4D75-B510-3A8AD5C4AAC2}.Debug|Any CPU.Build.0 = Debug|Any CPU
		{74141E63-41BE-4D75-B510-3A8AD5C4AAC2}.Release|Any CPU.ActiveCfg = Release|Any CPU
		{74141E63-41BE-4D75-B510-3A8AD5C4AAC2}.Release|Any CPU.Build.0 = Release|Any CPU
		{18B40498-E6A4-44A6-9A4F-021DC7875532}.Debug|Any CPU.ActiveCfg = Debug|Any CPU
		{18B40498-E6A4-44A6-9A4F-021DC7875532}.Debug|Any CPU.Build.0 = Debug|Any CPU
		{18B40498-E6A4-44A6-9A4F-021DC7875532}.Release|Any CPU.ActiveCfg = Release|Any CPU
		{18B40498-E6A4-44A6-9A4F-021DC7875532}.Release|Any CPU.Build.0 = Release|Any CPU
		{6328CBFA-C37A-4195-8459-8487ED29566B}.Debug|Any CPU.ActiveCfg = Debug|Any CPU
		{6328CBFA-C37A-4195-8459-8487ED29566B}.Debug|Any CPU.Build.0 = Debug|Any CPU
		{6328CBFA-C37A-4195-8459-8487ED29566B}.Release|Any CPU.ActiveCfg = Release|Any CPU
		{6328CBFA-C37A-4195-8459-8487ED29566B}.Release|Any CPU.Build.0 = Release|Any CPU
	EndGlobalSection
	GlobalSection(SolutionProperties) = preSolution
		HideSolutionNode = FALSE
	EndGlobalSection
	GlobalSection(ExtensibilityGlobals) = postSolution
		SolutionGuid = {14C9C61D-6038-4A14-B810-31ED2A4F484C}
	EndGlobalSection
EndGlobal
